
Microsoft Visual Studio Solution File, Format Version 12.00
# Visual Studio Version 17
VisualStudioVersion = 17.9.34714.143
MinimumVisualStudioVersion = 10.0.40219.1
Project("{9A19103F-16F7-4668-BE54-9A1E7A4F7556}") = "Azure.OpenAI.Examples", "samples\Azure.OpenAI.Examples\Azure.OpenAI.Examples.csproj", "{AC2E2B8C-55E4-4856-840D-240759493EC7}"
EndProject
Project("{9A19103F-16F7-4668-BE54-9A1E7A4F7556}") = "Azure.OpenAI.ImageGenerationExamples", "samples\Azure.OpenAI.ImageGenerationExamples\Azure.OpenAI.ImageGenerationExamples.csproj", "{09EBBE18-8020-433C-9F42-41AD94B8CB0B}"
EndProject
Project("{9A19103F-16F7-4668-BE54-9A1E7A4F7556}") = "Azure.OpenAI.PromptExamples", "samples\Azure.OpenAI.PromptExamples\Azure.OpenAI.PromptExamples.csproj", "{8396ACAD-C3DE-46B1-B57F-B016FF993F25}"
EndProject
Project("{9A19103F-16F7-4668-BE54-9A1E7A4F7556}") = "Azure.OpenAI.CodeGeneration", "samples\Azure.OpenAI.CodeGeneration\Azure.OpenAI.CodeGeneration.csproj", "{C45B2EE7-4776-4123-A4AF-E92B55F4B8EA}"
EndProject
Project("{FAE04EC0-301F-11D3-BF4B-00C04F79EFBC}") = "Azure.OpenAI.DocumentIntelligence", "Azure.OpenAI.DocumentIntelligence\Azure.OpenAI.DocumentIntelligence.csproj", "{8E5A0BAD-1772-4A57-A2E9-9D03288229FE}"
EndProject
Global
	GlobalSection(SolutionConfigurationPlatforms) = preSolution
		Debug|Any CPU = Debug|Any CPU
		Release|Any CPU = Release|Any CPU
	EndGlobalSection
	GlobalSection(ProjectConfigurationPlatforms) = postSolution
		{AC2E2B8C-55E4-4856-840D-240759493EC7}.Debug|Any CPU.ActiveCfg = Debug|Any CPU
		{AC2E2B8C-55E4-4856-840D-240759493EC7}.Debug|Any CPU.Build.0 = Debug|Any CPU
		{AC2E2B8C-55E4-4856-840D-240759493EC7}.Release|Any CPU.ActiveCfg = Release|Any CPU
		{AC2E2B8C-55E4-4856-840D-240759493EC7}.Release|Any CPU.Build.0 = Release|Any CPU
		{09EBBE18-8020-433C-9F42-41AD94B8CB0B}.Debug|Any CPU.ActiveCfg = Debug|Any CPU
		{09EBBE18-8020-433C-9F42-41AD94B8CB0B}.Debug|Any CPU.Build.0 = Debug|Any CPU
		{09EBBE18-8020-433C-9F42-41AD94B8CB0B}.Release|Any CPU.ActiveCfg = Release|Any CPU
		{09EBBE18-8020-433C-9F42-41AD94B8CB0B}.Release|Any CPU.Build.0 = Release|Any CPU
		{8396ACAD-C3DE-46B1-B57F-B016FF993F25}.Debug|Any CPU.ActiveCfg = Debug|Any CPU
		{8396ACAD-C3DE-46B1-B57F-B016FF993F25}.Debug|Any CPU.Build.0 = Debug|Any CPU
		{8396ACAD-C3DE-46B1-B57F-B016FF993F25}.Release|Any CPU.ActiveCfg = Release|Any CPU
		{8396ACAD-C3DE-46B1-B57F-B016FF993F25}.Release|Any CPU.Build.0 = Release|Any CPU
		{C45B2EE7-4776-4123-A4AF-E92B55F4B8EA}.Debug|Any CPU.ActiveCfg = Debug|Any CPU
		{C45B2EE7-4776-4123-A4AF-E92B55F4B8EA}.Debug|Any CPU.Build.0 = Debug|Any CPU
		{C45B2EE7-4776-4123-A4AF-E92B55F4B8EA}.Release|Any CPU.ActiveCfg = Release|Any CPU
		{C45B2EE7-4776-4123-A4AF-E92B55F4B8EA}.Release|Any CPU.Build.0 = Release|Any CPU
		{8E5A0BAD-1772-4A57-A2E9-9D03288229FE}.Debug|Any CPU.ActiveCfg = Debug|Any CPU
		{8E5A0BAD-1772-4A57-A2E9-9D03288229FE}.Debug|Any CPU.Build.0 = Debug|Any CPU
		{8E5A0BAD-1772-4A57-A2E9-9D03288229FE}.Release|Any CPU.ActiveCfg = Release|Any CPU
		{8E5A0BAD-1772-4A57-A2E9-9D03288229FE}.Release|Any CPU.Build.0 = Release|Any CPU
	EndGlobalSection
	GlobalSection(SolutionProperties) = preSolution
		HideSolutionNode = FALSE
	EndGlobalSection
	GlobalSection(ExtensibilityGlobals) = postSolution
		SolutionGuid = {1D7C6C82-163A-4813-9A2B-EA396D8915D8}
	EndGlobalSection
EndGlobal
