
Microsoft Visual Studio Solution File, Format Version 12.00
# Visual Studio Version 17
VisualStudioVersion = 17.9.34714.143
MinimumVisualStudioVersion = 10.0.40219.1
Project("{FAE04EC0-301F-11D3-BF4B-00C04F79EFBC}") = "Azure.OpenAI.PromptExamples", "Azure.OpenAI.PromptExamples\Azure.OpenAI.PromptExamples.csproj", "{EA292975-A189-4E91-8445-F7EC3F26238A}"
EndProject
Global
	GlobalSection(SolutionConfigurationPlatforms) = preSolution
		Debug|Any CPU = Debug|Any CPU
		Release|Any CPU = Release|Any CPU
	EndGlobalSection
	GlobalSection(ProjectConfigurationPlatforms) = postSolution
		{EA292975-A189-4E91-8445-F7EC3F26238A}.Debug|Any CPU.ActiveCfg = Debug|Any CPU
		{EA292975-A189-4E91-8445-F7EC3F26238A}.Debug|Any CPU.Build.0 = Debug|Any CPU
		{EA292975-A189-4E91-8445-F7EC3F26238A}.Release|Any CPU.ActiveCfg = Release|Any CPU
		{EA292975-A189-4E91-8445-F7EC3F26238A}.Release|Any CPU.Build.0 = Release|Any CPU
	EndGlobalSection
	GlobalSection(SolutionProperties) = preSolution
		HideSolutionNode = FALSE
	EndGlobalSection
	GlobalSection(ExtensibilityGlobals) = postSolution
		SolutionGuid = {EB81E749-7BBC-4259-B7B1-3731B179D0C6}
	EndGlobalSection
EndGlobal
